Microsoft Visual Studio Solution File, Format Version 11.00
# Visual Studio 2008

Project("{AAB92DAF-FFBD-4D88-EE8A-3859773E2606}") = "Verthex12-12", "Assembly-CSharp-firstpass-vs.csproj", "{F976F310-E13C-5A9D-4E89-3C4FA3632B5F}"
EndProject
Project("{AAB92DAF-FFBD-4D88-EE8A-3859773E2606}") = "Verthex12-12", "Assembly-CSharp-vs.csproj", "{A7A8F6C7-10F0-8017-21C1-8C7E00D3AB14}"
EndProject
Project("{AAB92DAF-FFBD-4D88-EE8A-3859773E2606}") = "Verthex12-12", "Assembly-CSharp-Editor-firstpass-vs.csproj", "{BC8F354B-E128-9DD8-D803-95A337E9EADA}"
EndProject
Global
	GlobalSection(SolutionConfigurationPlatforms) = preSolution
		Debug|Any CPU = Debug|Any CPU
		Release|Any CPU = Release|Any CPU
	EndGlobalSection
	GlobalSection(ProjectConfigurationPlatforms) = postSolution
		{F976F310-E13C-5A9D-4E89-3C4FA3632B5F}.Debug|Any CPU.ActiveCfg = Debug|Any CPU
		{F976F310-E13C-5A9D-4E89-3C4FA3632B5F}.Debug|Any CPU.Build.0 = Debug|Any CPU
		{F976F310-E13C-5A9D-4E89-3C4FA3632B5F}.Release|Any CPU.ActiveCfg = Release|Any CPU
		{F976F310-E13C-5A9D-4E89-3C4FA3632B5F}.Release|Any CPU.Build.0 = Release|Any CPU
		{A7A8F6C7-10F0-8017-21C1-8C7E00D3AB14}.Debug|Any CPU.ActiveCfg = Debug|Any CPU
		{A7A8F6C7-10F0-8017-21C1-8C7E00D3AB14}.Debug|Any CPU.Build.0 = Debug|Any CPU
		{A7A8F6C7-10F0-8017-21C1-8C7E00D3AB14}.Release|Any CPU.ActiveCfg = Release|Any CPU
		{A7A8F6C7-10F0-8017-21C1-8C7E00D3AB14}.Release|Any CPU.Build.0 = Release|Any CPU
		{BC8F354B-E128-9DD8-D803-95A337E9EADA}.Debug|Any CPU.ActiveCfg = Debug|Any CPU
		{BC8F354B-E128-9DD8-D803-95A337E9EADA}.Debug|Any CPU.Build.0 = Debug|Any CPU
		{BC8F354B-E128-9DD8-D803-95A337E9EADA}.Release|Any CPU.ActiveCfg = Release|Any CPU
		{BC8F354B-E128-9DD8-D803-95A337E9EADA}.Release|Any CPU.Build.0 = Release|Any CPU
	EndGlobalSection
	GlobalSection(SolutionProperties) = preSolution
		HideSolutionNode = FALSE
	EndGlobalSection
			GlobalSection(MonoDevelopProperties) = preSolution
		StartupItem = Assembly-CSharp.csproj
		Policies = $0
		$0.TextStylePolicy = $1
		$1.inheritsSet = null
		$1.scope = text/x-csharp
		$0.CSharpFormattingPolicy = $2
		$2.inheritsSet = Mono
		$2.inheritsScope = text/x-csharp
		$2.scope = text/x-csharp
		$0.TextStylePolicy = $3
		$3.FileWidth = 120
		$3.TabWidth = 4
		$3.EolMarker = Unix
		$3.inheritsSet = Mono
		$3.inheritsScope = text/plain
		$3.scope = text/plain
	EndGlobalSection

EndGlobal
