Microsoft Visual Studio Solution File, Format Version 11.00
# Visual Studio 2008

Project("{9BBBC9CC-82C2-3349-E0F9-C3097179F20D}") = "Verthex12-10", "Assembly-CSharp-firstpass-vs.csproj", "{FE8FE347-9DBF-4C7E-1AFE-5D98BC360561}"
EndProject
Project("{9BBBC9CC-82C2-3349-E0F9-C3097179F20D}") = "Verthex12-10", "Assembly-CSharp-vs.csproj", "{B610CDA0-05BD-8A9D-8ECF-74B901AAEEAA}"
EndProject
Project("{9BBBC9CC-82C2-3349-E0F9-C3097179F20D}") = "Verthex12-10", "Assembly-CSharp-Editor-firstpass-vs.csproj", "{F0728939-FAB7-E1E5-8503-EC24D5486B85}"
EndProject
Global
	GlobalSection(SolutionConfigurationPlatforms) = preSolution
		Debug|Any CPU = Debug|Any CPU
		Release|Any CPU = Release|Any CPU
	EndGlobalSection
	GlobalSection(ProjectConfigurationPlatforms) = postSolution
		{FE8FE347-9DBF-4C7E-1AFE-5D98BC360561}.Debug|Any CPU.ActiveCfg = Debug|Any CPU
		{FE8FE347-9DBF-4C7E-1AFE-5D98BC360561}.Debug|Any CPU.Build.0 = Debug|Any CPU
		{FE8FE347-9DBF-4C7E-1AFE-5D98BC360561}.Release|Any CPU.ActiveCfg = Release|Any CPU
		{FE8FE347-9DBF-4C7E-1AFE-5D98BC360561}.Release|Any CPU.Build.0 = Release|Any CPU
		{B610CDA0-05BD-8A9D-8ECF-74B901AAEEAA}.Debug|Any CPU.ActiveCfg = Debug|Any CPU
		{B610CDA0-05BD-8A9D-8ECF-74B901AAEEAA}.Debug|Any CPU.Build.0 = Debug|Any CPU
		{B610CDA0-05BD-8A9D-8ECF-74B901AAEEAA}.Release|Any CPU.ActiveCfg = Release|Any CPU
		{B610CDA0-05BD-8A9D-8ECF-74B901AAEEAA}.Release|Any CPU.Build.0 = Release|Any CPU
		{F0728939-FAB7-E1E5-8503-EC24D5486B85}.Debug|Any CPU.ActiveCfg = Debug|Any CPU
		{F0728939-FAB7-E1E5-8503-EC24D5486B85}.Debug|Any CPU.Build.0 = Debug|Any CPU
		{F0728939-FAB7-E1E5-8503-EC24D5486B85}.Release|Any CPU.ActiveCfg = Release|Any CPU
		{F0728939-FAB7-E1E5-8503-EC24D5486B85}.Release|Any CPU.Build.0 = Release|Any CPU
	EndGlobalSection
	GlobalSection(SolutionProperties) = preSolution
		HideSolutionNode = FALSE
	EndGlobalSection
					GlobalSection(MonoDevelopProperties) = preSolution
		StartupItem = Assembly-CSharp.csproj
		Policies = $0
		$0.TextStylePolicy = $1
		$1.inheritsSet = null
		$1.scope = text/x-csharp
		$0.CSharpFormattingPolicy = $2
		$2.inheritsSet = Mono
		$2.inheritsScope = text/x-csharp
		$2.scope = text/x-csharp
		$0.TextStylePolicy = $3
		$3.FileWidth = 120
		$3.TabWidth = 4
		$3.EolMarker = Unix
		$3.inheritsSet = Mono
		$3.inheritsScope = text/plain
		$3.scope = text/plain
	EndGlobalSection

EndGlobal
